{
  "originHash" : "bdbfd488c1fb6cfe221f608f6da1aadc318422e2d5c63e4744d07d9b29d92ed1",
  "pins" : [
    {
      "identity" : "codablefiles",
      "kind" : "remoteSourceControl",
      "location" : "https://github.com/egzonpllana/CodableFiles.git",
      "state" : {
        "revision" : "61d5a7f515a4b79cb0911cc5cd876b9d50a58b23",
        "version" : "1.1.1"
      }
    }
  ],
  "version" : 3
}
